
Microsoft Visual Studio Solution File, Format Version 12.00
# Visual Studio Version 17
VisualStudioVersion = 17.7.34202.233
MinimumVisualStudioVersion = 10.0.40219.1
Project("{FAE04EC0-301F-11D3-BF4B-00C04F79EFBC}") = "CA231019", "CA231019\CA231019.csproj", "{DF5FA83A-2C5B-41ED-90C1-9922A7FEEE14}"
EndProject
Global
	GlobalSection(SolutionConfigurationPlatforms) = preSolution
		Debug|Any CPU = Debug|Any CPU
		Release|Any CPU = Release|Any CPU
	EndGlobalSection
	GlobalSection(ProjectConfigurationPlatforms) = postSolution
		{DF5FA83A-2C5B-41ED-90C1-9922A7FEEE14}.Debug|Any CPU.ActiveCfg = Debug|Any CPU
		{DF5FA83A-2C5B-41ED-90C1-9922A7FEEE14}.Debug|Any CPU.Build.0 = Debug|Any CPU
		{DF5FA83A-2C5B-41ED-90C1-9922A7FEEE14}.Release|Any CPU.ActiveCfg = Release|Any CPU
		{DF5FA83A-2C5B-41ED-90C1-9922A7FEEE14}.Release|Any CPU.Build.0 = Release|Any CPU
	EndGlobalSection
	GlobalSection(SolutionProperties) = preSolution
		HideSolutionNode = FALSE
	EndGlobalSection
	GlobalSection(ExtensibilityGlobals) = postSolution
		SolutionGuid = {75C2883F-553C-488E-AA06-26C15B7EA953}
	EndGlobalSection
EndGlobal
